// !$*UTF8*$!
{
	archiveVersion = 1;
	classes = {
	};
	objectVersion = 50;
	objects = {

/* Begin PBXBuildFile section */
		4D213EAA232E878C007FC143 /* AppDelegate.swift in Sources */ = {isa = PBXBuildFile; fileRef = 4D213EA9232E878C007FC143 /* AppDelegate.swift */; };
		4D213EAC232E878C007FC143 /* ViewController.swift in Sources */ = {isa = PBXBuildFile; fileRef = 4D213EAB232E878C007FC143 /* ViewController.swift */; };
		4D213EAF232E878C007FC143 /* Main.storyboard in Resources */ = {isa = PBXBuildFile; fileRef = 4D213EAD232E878C007FC143 /* Main.storyboard */; };
		4D213EB1232E878D007FC143 /* Assets.xcassets in Resources */ = {isa = PBXBuildFile; fileRef = 4D213EB0232E878D007FC143 /* Assets.xcassets */; };
		4D213EB4232E878D007FC143 /* LaunchScreen.storyboard in Resources */ = {isa = PBXBuildFile; fileRef = 4D213EB2232E878D007FC143 /* LaunchScreen.storyboard */; };
		4D213EBC232E8967007FC143 /* secondVC.swift in Sources */ = {isa = PBXBuildFile; fileRef = 4D213EBB232E8967007FC143 /* secondVC.swift */; };
		4D213EBE232E8984007FC143 /* thirdVC.swift in Sources */ = {isa = PBXBuildFile; fileRef = 4D213EBD232E8984007FC143 /* thirdVC.swift */; };
/* End PBXBuildFile section */

/* Begin PBXFileReference section */
		4D213EA6232E878C007FC143 /* unwindPassbackData.app */ = {isa = PBXFileReference; explicitFileType = wrapper.application; includeInIndex = 0; path = unwindPassbackData.app; sourceTree = BUILT_PRODUCTS_DIR; };
		4D213EA9232E878C007FC143 /* AppDelegate.swift */ = {isa = PBXFileReference; lastKnownFileType = sourcecode.swift; path = AppDelegate.swift; sourceTree = "<group>"; };
		4D213EAB232E878C007FC143 /* ViewController.swift */ = {isa = PBXFileReference; lastKnownFileType = sourcecode.swift; path = ViewController.swift; sourceTree = "<group>"; };
		4D213EAE232E878C007FC143 /* Base */ = {isa = PBXFileReference; lastKnownFileType = file.storyboard; name = Base; path = Base.lproj/Main.storyboard; sourceTree = "<group>"; };
		4D213EB0232E878D007FC143 /* Assets.xcassets */ = {isa = PBXFileReference; lastKnownFileType = folder.assetcatalog; path = Assets.xcassets; sourceTree = "<group>"; };
		4D213EB3232E878D007FC143 /* Base */ = {isa = PBXFileReference; lastKnownFileType = file.storyboard; name = Base; path = Base.lproj/LaunchScreen.storyboard; sourceTree = "<group>"; };
		4D213EB5232E878D007FC143 /* Info.plist */ = {isa = PBXFileReference; lastKnownFileType = text.plist.xml; path = Info.plist; sourceTree = "<group>"; };
		4D213EBB232E8967007FC143 /* secondVC.swift */ = {isa = PBXFileReference; lastKnownFileType = sourcecode.swift; path = secondVC.swift; sourceTree = "<group>"; };
		4D213EBD232E8984007FC143 /* thirdVC.swift */ = {isa = PBXFileReference; lastKnownFileType = sourcecode.swift; path = thirdVC.swift; sourceTree = "<group>"; };
/* End PBXFileReference section */

/* Begin PBXFrameworksBuildPhase section */
		4D213EA3232E878C007FC143 /* Frameworks */ = {
			isa = PBXFrameworksBuildPhase;
			buildActionMask = 2147483647;
			files = (
			);
			runOnlyForDeploymentPostprocessing = 0;
		};
/* End PBXFrameworksBuildPhase section */

/* Begin PBXGroup section */
		4D213E9D232E878C007FC143 = {
			isa = PBXGroup;
			children = (
				4D213EA8232E878C007FC143 /* unwindPassbackData */,
				4D213EA7232E878C007FC143 /* Products */,
			);
			sourceTree = "<group>";
		};
		4D213EA7232E878C007FC143 /* Products */ = {
			isa = PBXGroup;
			children = (
				4D213EA6232E878C007FC143 /* unwindPassbackData.app */,
			);
			name = Products;
			sourceTree = "<group>";
		};
		4D213EA8232E878C007FC143 /* unwindPassbackData */ = {
			isa = PBXGroup;
			children = (
				4D213EA9232E878C007FC143 /* AppDelegate.swift */,
				4D213EAB232E878C007FC143 /* ViewController.swift */,
				4D213EAD232E878C007FC143 /* Main.storyboard */,
				4D213EB0232E878D007FC143 /* Assets.xcassets */,
				4D213EB2232E878D007FC143 /* LaunchScreen.storyboard */,
				4D213EB5232E878D007FC143 /* Info.plist */,
				4D213EBB232E8967007FC143 /* secondVC.swift */,
				4D213EBD232E8984007FC143 /* thirdVC.swift */,
			);
			path = unwindPassbackData;
			sourceTree = "<group>";
		};
/* End PBXGroup section */

/* Begin PBXNativeTarget section */
		4D213EA5232E878C007FC143 /* unwindPassbackData */ = {
			isa = PBXNativeTarget;
			buildConfigurationList = 4D213EB8232E878D007FC143 /* Build configuration list for PBXNativeTarget "unwindPassbackData" */;
			buildPhases = (
				4D213EA2232E878C007FC143 /* Sources */,
				4D213EA3232E878C007FC143 /* Frameworks */,
				4D213EA4232E878C007FC143 /* Resources */,
			);
			buildRules = (
			);
			dependencies = (
			);
			name = unwindPassbackData;
			productName = unwindPassbackData;
			productReference = 4D213EA6232E878C007FC143 /* unwindPassbackData.app */;
			productType = "com.apple.product-type.application";
		};
/* End PBXNativeTarget section */

/* Begin PBXProject section */
		4D213E9E232E878C007FC143 /* Project object */ = {
			isa = PBXProject;
			attributes = {
				LastSwiftUpdateCheck = 1020;
				LastUpgradeCheck = 1020;
				ORGANIZATIONNAME = "Ekramul Hoque";
				TargetAttributes = {
					4D213EA5232E878C007FC143 = {
						CreatedOnToolsVersion = 10.2.1;
					};
				};
			};
			buildConfigurationList = 4D213EA1232E878C007FC143 /* Build configuration list for PBXProject "unwindPassbackData" */;
			compatibilityVersion = "Xcode 9.3";
			developmentRegion = en;
			hasScannedForEncodings = 0;
			knownRegions = (
				en,
				Base,
			);
			mainGroup = 4D213E9D232E878C007FC143;
			productRefGroup = 4D213EA7232E878C007FC143 /* Products */;
			projectDirPath = "";
			projectRoot = "";
			targets = (
				4D213EA5232E878C007FC143 /* unwindPassbackData */,
			);
		};
/* End PBXProject section */

/* Begin PBXResourcesBuildPhase section */
		4D213EA4232E878C007FC143 /* Resources */ = {
			isa = PBXResourcesBuildPhase;
			buildActionMask = 2147483647;
			files = (
				4D213EB4232E878D007FC143 /* LaunchScreen.storyboard in Resources */,
				4D213EB1232E878D007FC143 /* Assets.xcassets in Resources */,
				4D213EAF232E878C007FC143 /* Main.storyboard in Resources */,
			);
			runOnlyForDeploymentPostprocessing = 0;
		};
/* End PBXResourcesBuildPhase section */

/* Begin PBXSourcesBuildPhase section */
		4D213EA2232E878C007FC143 /* Sources */ = {
			isa = PBXSourcesBuildPhase;
			buildActionMask = 2147483647;
			files = (
				4D213EBE232E8984007FC143 /* thirdVC.swift in Sources */,
				4D213EBC232E8967007FC143 /* secondVC.swift in Sources */,
				4D213EAC232E878C007FC143 /* ViewController.swift in Sources */,
				4D213EAA232E878C007FC143 /* AppDelegate.swift in Sources */,
			);
			runOnlyForDeploymentPostprocessing = 0;
		};
/* End PBXSourcesBuildPhase section */

/* Begin PBXVariantGroup section */
		4D213EAD232E878C007FC143 /* Main.storyboard */ = {
			isa = PBXVariantGroup;
			children = (
				4D213EAE232E878C007FC143 /* Base */,
			);
			name = Main.storyboard;
			sourceTree = "<group>";
		};
		4D213EB2232E878D007FC143 /* LaunchScreen.storyboard */ = {
			isa = PBXVariantGroup;
			children = (
				4D213EB3232E878D007FC143 /* Base */,
			);
			name = LaunchScreen.storyboard;
			sourceTree = "<group>";
		};
/* End PBXVariantGroup section */

/* Begin XCBuildConfiguration section */
		4D213EB6232E878D007FC143 /* Debug */ = {
			isa = XCBuildConfiguration;
			buildSettings = {
				ALWAYS_SEARCH_USER_PATHS = NO;
				CLANG_ANALYZER_NONNULL = YES;
				CLANG_ANALYZER_NUMBER_OBJECT_CONVERSION = YES_AGGRESSIVE;
				CLANG_CXX_LANGUAGE_STANDARD = "gnu++14";
				CLANG_CXX_LIBRARY = "libc++";
				CLANG_ENABLE_MODULES = YES;
				CLANG_ENABLE_OBJC_ARC = YES;
				CLANG_ENABLE_OBJC_WEAK = YES;
				CLANG_WARN_BLOCK_CAPTURE_AUTORELEASING = YES;
				CLANG_WARN_BOOL_CONVERSION = YES;
				CLANG_WARN_COMMA = YES;
				CLANG_WARN_CONSTANT_CONVERSION = YES;
				CLANG_WARN_DEPRECATED_OBJC_IMPLEMENTATIONS = YES;
				CLANG_WARN_DIRECT_OBJC_ISA_USAGE = YES_ERROR;
				CLANG_WARN_DOCUMENTATION_COMMENTS = YES;
				CLANG_WARN_EMPTY_BODY = YES;
				CLANG_WARN_ENUM_CONVERSION = YES;
				CLANG_WARN_INFINITE_RECURSION = YES;
				CLANG_WARN_INT_CONVERSION = YES;
				CLANG_WARN_NON_LITERAL_NULL_CONVERSION = YES;
				CLANG_WARN_OBJC_IMPLICIT_RETAIN_SELF = YES;
				CLANG_WARN_OBJC_LITERAL_CONVERSION = YES;
				CLANG_WARN_OBJC_ROOT_CLASS = YES_ERROR;
				CLANG_WARN_RANGE_LOOP_ANALYSIS = YES;
				CLANG_WARN_STRICT_PROTOTYPES = YES;
				CLANG_WARN_SUSPICIOUS_MOVE = YES;
				CLANG_WARN_UNGUARDED_AVAILABILITY = YES_AGGRESSIVE;
				CLANG_WARN_UNREACHABLE_CODE = YES;
				CLANG_WARN__DUPLICATE_METHOD_MATCH = YES;
				CODE_SIGN_IDENTITY = "iPhone Developer";
				COPY_PHASE_STRIP = NO;
				DEBUG_INFORMATION_FORMAT = dwarf;
				ENABLE_STRICT_OBJC_MSGSEND = YES;
				ENABLE_TESTABILITY = YES;
				GCC_C_LANGUAGE_STANDARD = gnu11;
				GCC_DYNAMIC_NO_PIC = NO;
				GCC_NO_COMMON_BLOCKS = YES;
				GCC_OPTIMIZATION_LEVEL = 0;
				GCC_PREPROCESSOR_DEFINITIONS = (
					"DEBUG=1",
					"$(inherited)",
				);
				GCC_WARN_64_TO_32_BIT_CONVERSION = YES;
				GCC_WARN_ABOUT_RETURN_TYPE = YES_ERROR;
				GCC_WARN_UNDECLARED_SELECTOR = YES;
				GCC_WARN_UNINITIALIZED_AUTOS = YES_AGGRESSIVE;
				GCC_WARN_UNUSED_FUNCTION = YES;
				GCC_WARN_UNUSED_VARIABLE = YES;
				IPHONEOS_DEPLOYMENT_TARGET = 12.2;
				MTL_ENABLE_DEBUG_INFO = INCLUDE_SOURCE;
				MTL_FAST_MATH = YES;
				ONLY_ACTIVE_ARCH = YES;
				SDKROOT = iphoneos;
				SWIFT_ACTIVE_COMPILATION_CONDITIONS = DEBUG;
				SWIFT_OPTIMIZATION_LEVEL = "-Onone";
			};
			name = Debug;
		};
		4D213EB7232E878D007FC143 /* Release */ = {
			isa = XCBuildConfiguration;
			buildSettings = {
				ALWAYS_SEARCH_USER_PATHS = NO;
				CLANG_ANALYZER_NONNULL = YES;
				CLANG_ANALYZER_NUMBER_OBJECT_CONVERSION = YES_AGGRESSIVE;
				CLANG_CXX_LANGUAGE_STANDARD = "gnu++14";
				CLANG_CXX_LIBRARY = "libc++";
				CLANG_ENABLE_MODULES = YES;
				CLANG_ENABLE_OBJC_ARC = YES;
				CLANG_ENABLE_OBJC_WEAK = YES;
				CLANG_WARN_BLOCK_CAPTURE_AUTORELEASING = YES;
				CLANG_WARN_BOOL_CONVERSION = YES;
				CLANG_WARN_COMMA = YES;
				CLANG_WARN_CONSTANT_CONVERSION = YES;
				CLANG_WARN_DEPRECATED_OBJC_IMPLEMENTATIONS = YES;
				CLANG_WARN_DIRECT_OBJC_ISA_USAGE = YES_ERROR;
				CLANG_WARN_DOCUMENTATION_COMMENTS = YES;
				CLANG_WARN_EMPTY_BODY = YES;
				CLANG_WARN_ENUM_CONVERSION = YES;
				CLANG_WARN_INFINITE_RECURSION = YES;
				CLANG_WARN_INT_CONVERSION = YES;
				CLANG_WARN_NON_LITERAL_NULL_CONVERSION = YES;
				CLANG_WARN_OBJC_IMPLICIT_RETAIN_SELF = YES;
				CLANG_WARN_OBJC_LITERAL_CONVERSION = YES;
				CLANG_WARN_OBJC_ROOT_CLASS = YES_ERROR;
				CLANG_WARN_RANGE_LOOP_ANALYSIS = YES;
				CLANG_WARN_STRICT_PROTOTYPES = YES;
				CLANG_WARN_SUSPICIOUS_MOVE = YES;
				CLANG_WARN_UNGUARDED_AVAILABILITY = YES_AGGRESSIVE;
				CLANG_WARN_UNREACHABLE_CODE = YES;
				CLANG_WARN__DUPLICATE_METHOD_MATCH = YES;
				CODE_SIGN_IDENTITY = "iPhone Developer";
				COPY_PHASE_STRIP = NO;
				DEBUG_INFORMATION_FORMAT = "dwarf-with-dsym";
				ENABLE_NS_ASSERTIONS = NO;
				ENABLE_STRICT_OBJC_MSGSEND = YES;
				GCC_C_LANGUAGE_STANDARD = gnu11;
				GCC_NO_COMMON_BLOCKS = YES;
				GCC_WARN_64_TO_32_BIT_CONVERSION = YES;
				GCC_WARN_ABOUT_RETURN_TYPE = YES_ERROR;
				GCC_WARN_UNDECLARED_SELECTOR = YES;
				GCC_WARN_UNINITIALIZED_AUTOS = YES_AGGRESSIVE;
				GCC_WARN_UNUSED_FUNCTION = YES;
				GCC_WARN_UNUSED_VARIABLE = YES;
				IPHONEOS_DEPLOYMENT_TARGET = 12.2;
				MTL_ENABLE_DEBUG_INFO = NO;
				MTL_FAST_MATH = YES;
				SDKROOT = iphoneos;
				SWIFT_COMPILATION_MODE = wholemodule;
				SWIFT_OPTIMIZATION_LEVEL = "-O";
				VALIDATE_PRODUCT = YES;
			};
			name = Release;
		};
		4D213EB9232E878D007FC143 /* Debug */ = {
			isa = XCBuildConfiguration;
			buildSettings = {
				ASSETCATALOG_COMPILER_APPICON_NAME = AppIcon;
				CODE_SIGN_STYLE = Automatic;
				DEVELOPMENT_TEAM = 4Y6278YG7F;
				INFOPLIST_FILE = unwindPassbackData/Info.plist;
				LD_RUNPATH_SEARCH_PATHS = (
					"$(inherited)",
					"@executable_path/Frameworks",
				);
				PRODUCT_BUNDLE_IDENTIFIER = com.ekram.apgorithm.unwindPassbackData;
				PRODUCT_NAME = "$(TARGET_NAME)";
				SWIFT_VERSION = 5.0;
				TARGETED_DEVICE_FAMILY = "1,2";
			};
			name = Debug;
		};
		4D213EBA232E878D007FC143 /* Release */ = {
			isa = XCBuildConfiguration;
			buildSettings = {
				ASSETCATALOG_COMPILER_APPICON_NAME = AppIcon;
				CODE_SIGN_STYLE = Automatic;
				DEVELOPMENT_TEAM = 4Y6278YG7F;
				INFOPLIST_FILE = unwindPassbackData/Info.plist;
				LD_RUNPATH_SEARCH_PATHS = (
					"$(inherited)",
					"@executable_path/Frameworks",
				);
				PRODUCT_BUNDLE_IDENTIFIER = com.ekram.apgorithm.unwindPassbackData;
				PRODUCT_NAME = "$(TARGET_NAME)";
				SWIFT_VERSION = 5.0;
				TARGETED_DEVICE_FAMILY = "1,2";
			};
			name = Release;
		};
/* End XCBuildConfiguration section */

/* Begin XCConfigurationList section */
		4D213EA1232E878C007FC143 /* Build configuration list for PBXProject "unwindPassbackData" */ = {
			isa = XCConfigurationList;
			buildConfigurations = (
				4D213EB6232E878D007FC143 /* Debug */,
				4D213EB7232E878D007FC143 /* Release */,
			);
			defaultConfigurationIsVisible = 0;
			defaultConfigurationName = Release;
		};
		4D213EB8232E878D007FC143 /* Build configuration list for PBXNativeTarget "unwindPassbackData" */ = {
			isa = XCConfigurationList;
			buildConfigurations = (
				4D213EB9232E878D007FC143 /* Debug */,
				4D213EBA232E878D007FC143 /* Release */,
			);
			defaultConfigurationIsVisible = 0;
			defaultConfigurationName = Release;
		};
/* End XCConfigurationList section */
	};
	rootObject = 4D213E9E232E878C007FC143 /* Project object */;
}
